
Microsoft Visual Studio Solution File, Format Version 12.00
# Visual Studio Version 16
VisualStudioVersion = 16.0.30503.244
MinimumVisualStudioVersion = 10.0.40219.1
Project("{FAE04EC0-301F-11D3-BF4B-00C04F79EFBC}") = "Portal", "Portal\Portal.csproj", "{8D28607E-2D36-4E06-9560-726A32C556E9}"
EndProject
Project("{FAE04EC0-301F-11D3-BF4B-00C04F79EFBC}") = "Domain", "Domain\Domain.csproj", "{981BBF04-FBF2-4328-8E54-F65E8771E542}"
EndProject
Project("{FAE04EC0-301F-11D3-BF4B-00C04F79EFBC}") = "ApplicationLogic", "ApplicationLogic\ApplicationLogic.csproj", "{E8E1C5F6-0BB5-4F8E-8CC0-7D0C4C32AE8F}"
EndProject
Project("{FAE04EC0-301F-11D3-BF4B-00C04F79EFBC}") = "DataAccess", "DataAccess\DataAccess.csproj", "{2718100F-C057-409E-BD55-004C8848677F}"
EndProject
Project("{FAE04EC0-301F-11D3-BF4B-00C04F79EFBC}") = "ConsoleApplication", "ConsoleApplication\ConsoleApplication.csproj", "{BFEFDB05-9690-413C-8131-B28679DFD6F3}"
EndProject
Global
	GlobalSection(SolutionConfigurationPlatforms) = preSolution
		Debug|Any CPU = Debug|Any CPU
		Release|Any CPU = Release|Any CPU
	EndGlobalSection
	GlobalSection(ProjectConfigurationPlatforms) = postSolution
		{8D28607E-2D36-4E06-9560-726A32C556E9}.Debug|Any CPU.ActiveCfg = Debug|Any CPU
		{8D28607E-2D36-4E06-9560-726A32C556E9}.Debug|Any CPU.Build.0 = Debug|Any CPU
		{8D28607E-2D36-4E06-9560-726A32C556E9}.Release|Any CPU.ActiveCfg = Release|Any CPU
		{8D28607E-2D36-4E06-9560-726A32C556E9}.Release|Any CPU.Build.0 = Release|Any CPU
		{981BBF04-FBF2-4328-8E54-F65E8771E542}.Debug|Any CPU.ActiveCfg = Debug|Any CPU
		{981BBF04-FBF2-4328-8E54-F65E8771E542}.Debug|Any CPU.Build.0 = Debug|Any CPU
		{981BBF04-FBF2-4328-8E54-F65E8771E542}.Release|Any CPU.ActiveCfg = Release|Any CPU
		{981BBF04-FBF2-4328-8E54-F65E8771E542}.Release|Any CPU.Build.0 = Release|Any CPU
		{E8E1C5F6-0BB5-4F8E-8CC0-7D0C4C32AE8F}.Debug|Any CPU.ActiveCfg = Debug|Any CPU
		{E8E1C5F6-0BB5-4F8E-8CC0-7D0C4C32AE8F}.Debug|Any CPU.Build.0 = Debug|Any CPU
		{E8E1C5F6-0BB5-4F8E-8CC0-7D0C4C32AE8F}.Release|Any CPU.ActiveCfg = Release|Any CPU
		{E8E1C5F6-0BB5-4F8E-8CC0-7D0C4C32AE8F}.Release|Any CPU.Build.0 = Release|Any CPU
		{2718100F-C057-409E-BD55-004C8848677F}.Debug|Any CPU.ActiveCfg = Debug|Any CPU
		{2718100F-C057-409E-BD55-004C8848677F}.Debug|Any CPU.Build.0 = Debug|Any CPU
		{2718100F-C057-409E-BD55-004C8848677F}.Release|Any CPU.ActiveCfg = Release|Any CPU
		{2718100F-C057-409E-BD55-004C8848677F}.Release|Any CPU.Build.0 = Release|Any CPU
		{BFEFDB05-9690-413C-8131-B28679DFD6F3}.Debug|Any CPU.ActiveCfg = Debug|Any CPU
		{BFEFDB05-9690-413C-8131-B28679DFD6F3}.Debug|Any CPU.Build.0 = Debug|Any CPU
		{BFEFDB05-9690-413C-8131-B28679DFD6F3}.Release|Any CPU.ActiveCfg = Release|Any CPU
		{BFEFDB05-9690-413C-8131-B28679DFD6F3}.Release|Any CPU.Build.0 = Release|Any CPU
	EndGlobalSection
	GlobalSection(SolutionProperties) = preSolution
		HideSolutionNode = FALSE
	EndGlobalSection
	GlobalSection(ExtensibilityGlobals) = postSolution
		SolutionGuid = {5DB80E9D-04E0-43D9-83EC-FDA9C778D9BE}
	EndGlobalSection
EndGlobal
